<?xml version="1.0" encoding="UTF-8" standalone="yes" ?>
<CodeBlocks_project_file>
	<FileVersion major="1" minor="6" />
	<Project>
		<Option title="amcc" />
		<Option pch_mode="2" />
		<Option compiler="gcc" />
		<Build>
			<Target title="Linux-Debug">
				<Option platforms="Unix;" />
				<Option output="bin/Linux-Debug/amcc" prefix_auto="1" extension_auto="1" />
				<Option object_output="obj/Linux-Debug/" />
				<Option type="1" />
				<Option compiler="gcc" />
				<Compiler>
					<Add option="-g" />
				</Compiler>
			</Target>
			<Target title="Linux-Release">
				<Option platforms="Unix;" />
				<Option output="bin/Linux-Release/amcc" prefix_auto="1" extension_auto="1" />
				<Option object_output="obj/Linux-Release/" />
				<Option type="1" />
				<Option compiler="gcc" />
				<Compiler>
					<Add option="-O2" />
				</Compiler>
				<Linker>
					<Add option="-s" />
				</Linker>
			</Target>
		</Build>
		<Compiler>
			<Add option="-Wall" />
			<Add option="-DGLM_FORCE_RADIANS" />
		</Compiler>
		<Linker>
			<Add option="-lSDL2_image" />
			<Add option="-lSDL2" />
			<Add option="-lGLEW" />
			<Add option="-lGL" />
			<Add option="-lpthread" />
		</Linker>
		<Unit filename="shaders/default.frag" />
		<Unit filename="shaders/default.vert" />
		<Unit filename="shaders/simple.frag" />
		<Unit filename="shaders/simple.vert" />
		<Unit filename="sources/CBiome.cpp" />
		<Unit filename="sources/CBiome.h" />
		<Unit filename="sources/CBiomeManager.h" />
		<Unit filename="sources/CBlockInfo.h" />
		<Unit filename="sources/CBoxOutline.cpp" />
		<Unit filename="sources/CBoxOutline.h" />
		<Unit filename="sources/CCamera.cpp" />
		<Unit filename="sources/CCamera.h" />
		<Unit filename="sources/CChunk.cpp" />
		<Unit filename="sources/CChunk.h" />
		<Unit filename="sources/CChunkManager.cpp" />
		<Unit filename="sources/CChunkManager.h" />
		<Unit filename="sources/CChunkTree.cpp" />
		<Unit filename="sources/CChunkTree.h" />
		<Unit filename="sources/CGameEngine.cpp" />
		<Unit filename="sources/CGameEngine.h" />
		<Unit filename="sources/CNoiseGenerator.h" />
		<Unit filename="sources/CShaderManager.cpp" />
		<Unit filename="sources/CShaderManager.h" />
		<Unit filename="sources/CTexture.cpp" />
		<Unit filename="sources/CTexture.h" />
		<Unit filename="sources/CTextureManager.h" />
		<Unit filename="sources/IRefCounted.h" />
		<Unit filename="sources/main.cpp" />
		<Unit filename="sources/utils3d.cpp" />
		<Unit filename="sources/utils3d.h" />
		<Extensions>
			<code_completion />
			<envvars />
			<debugger />
			<lib_finder disable_auto="1" />
		</Extensions>
	</Project>
</CodeBlocks_project_file>
