<?xml version="1.0" encoding="UTF-8" standalone="yes" ?>
<CodeBlocks_project_file>
	<FileVersion major="1" minor="6" />
	<Project>
		<Option title="amcc" />
		<Option pch_mode="2" />
		<Option compiler="gcc" />
		<Build>
			<Target title="Linux-Debug">
				<Option platforms="Unix;" />
				<Option output="bin/Linux-Debug/amcc" prefix_auto="1" extension_auto="1" />
				<Option object_output="obj/Linux-Debug/" />
				<Option type="1" />
				<Option compiler="gcc" />
				<Compiler>
					<Add option="-g" />
				</Compiler>
				<Linker>
					<Add option="-lSDL2_image" />
					<Add option="-lSDL2" />
					<Add option="-lGLEW" />
					<Add option="-lGL" />
					<Add option="-lpthread" />
					<Add option="-lz" />
				</Linker>
			</Target>
			<Target title="Linux-Release">
				<Option platforms="Unix;" />
				<Option output="bin/Linux-Release/amcc" prefix_auto="1" extension_auto="1" />
				<Option object_output="obj/Linux-Release/" />
				<Option type="1" />
				<Option compiler="gcc" />
				<Compiler>
					<Add option="-O2" />
				</Compiler>
				<Linker>
					<Add option="-s" />
					<Add option="-lSDL2_image" />
					<Add option="-lSDL2" />
					<Add option="-lGLEW" />
					<Add option="-lGL" />
					<Add option="-lpthread" />
					<Add option="-lz" />
				</Linker>
			</Target>
			<Target title="Windows-Debug">
				<Option platforms="Windows;" />
				<Option output="bin/Windows-Debug/amcc" prefix_auto="1" extension_auto="1" />
				<Option object_output="obj/Windows-Debug/" />
				<Option type="1" />
				<Option compiler="gcc" />
				<Compiler>
					<Add option="-g" />
				</Compiler>
				<Linker>
					<Add option="-lSDL2_image" />
					<Add option="-lmingw32" />
					<Add option="-lSDL2main" />
					<Add option="-lSDL2" />
					<Add option="-lglew32" />
					<Add option="-lopengl32" />
					<Add option="-lwinpthread" />
					<Add option="-lzlibstat" />
				</Linker>
			</Target>
			<Target title="Windows-Release">
				<Option platforms="Windows;" />
				<Option output="bin/Windows-Release/amcc" prefix_auto="1" extension_auto="1" />
				<Option object_output="obj/Windows-Release/" />
				<Option type="1" />
				<Option compiler="gcc" />
				<Compiler>
					<Add option="-O2" />
				</Compiler>
				<Linker>
					<Add option="-s" />
					<Add option="-lSDL2_image" />
					<Add option="-lmingw32" />
					<Add option="-lSDL2main" />
					<Add option="-lSDL2" />
					<Add option="-lglew32" />
					<Add option="-lopengl32" />
					<Add option="-lwinpthread" />
					<Add option="-lzlibstat" />
				</Linker>
			</Target>
		</Build>
		<Compiler>
			<Add option="-Wall" />
			<Add option="-DGLM_FORCE_RADIANS" />
		</Compiler>
		<Unit filename="shaders/default.frag" />
		<Unit filename="shaders/default.vert" />
		<Unit filename="shaders/simple.frag" />
		<Unit filename="shaders/simple.vert" />
		<Unit filename="sources/Biome.cpp" />
		<Unit filename="sources/Biome.h" />
		<Unit filename="sources/BiomeManager.h" />
		<Unit filename="sources/Block.cpp" />
		<Unit filename="sources/Block.h" />
		<Unit filename="sources/BlockManager.cpp" />
		<Unit filename="sources/BlockManager.h" />
		<Unit filename="sources/BoxOutline.cpp" />
		<Unit filename="sources/BoxOutline.h" />
		<Unit filename="sources/Camera.cpp" />
		<Unit filename="sources/Camera.h" />
		<Unit filename="sources/Chunk.cpp" />
		<Unit filename="sources/Chunk.h" />
		<Unit filename="sources/ChunkTree.cpp" />
		<Unit filename="sources/ChunkTree.h" />
		<Unit filename="sources/GameEngine.cpp" />
		<Unit filename="sources/GameEngine.h" />
		<Unit filename="sources/IRefCounted.h" />
		<Unit filename="sources/NoiseGenerator.h" />
		<Unit filename="sources/ShaderManager.cpp" />
		<Unit filename="sources/ShaderManager.h" />
		<Unit filename="sources/Structure.cpp" />
		<Unit filename="sources/Structure.h" />
		<Unit filename="sources/StructureManager.cpp" />
		<Unit filename="sources/StructureManager.h" />
		<Unit filename="sources/Texture.cpp" />
		<Unit filename="sources/Texture.h" />
		<Unit filename="sources/TextureManager.cpp" />
		<Unit filename="sources/TextureManager.h" />
		<Unit filename="sources/World.cpp" />
		<Unit filename="sources/World.h" />
		<Unit filename="sources/main.cpp" />
		<Unit filename="sources/utils3d.cpp" />
		<Unit filename="sources/utils3d.h" />
		<Extensions>
			<code_completion />
			<envvars />
			<debugger />
			<lib_finder disable_auto="1" />
		</Extensions>
	</Project>
</CodeBlocks_project_file>
